[[package]]
name = "cowpy"
version = "1.1.4"
description = "A cowsay clone for python in one file."
category = "main"
optional = false
python-versions = ">=3.6"

[package.source]
type = "legacy"
url = "https://mirrors.tuna.tsinghua.edu.cn/pypi/web/simple"
reference = "tuna"

[metadata]
lock-version = "1.1"
python-versions = "^3.9"
content-hash = "eafd75abaa1161a390b1d381c62a264fb6e52bad58ea266c1a8cda0009f2d177"

[metadata.files]
cowpy = [
    {file = "cowpy-1.1.4.tar.gz", hash = "sha256:5e6fd6ff00008da7646e919ccf45892fb363ed048101afd94ebd5f7640933663"},
]
